
Microsoft Visual Studio Solution File, Format Version 12.00
# Visual Studio Version 17
VisualStudioVersion = 17.12.35527.113 d17.12
MinimumVisualStudioVersion = 10.0.40219.1
Project("{FAE04EC0-301F-11D3-BF4B-00C04F79EFBC}") = "DemoADO", "DemoADO\DemoADO.csproj", "{9E92AD35-82B7-4F7A-8A14-5179FEFF7C5D}"
EndProject
Project("{FAE04EC0-301F-11D3-BF4B-00C04F79EFBC}") = "DemoEntityFramework", "DemoEntityFramework\DemoEntityFramework.csproj", "{CDD0C071-3ADC-453E-8848-71B120239750}"
EndProject
Project("{FAE04EC0-301F-11D3-BF4B-00C04F79EFBC}") = "HotelBooking", "HotelBooking\HotelBooking.csproj", "{3B5A0DF0-7F19-4B6B-B8A8-BAD4C07021FD}"
EndProject
Global
	GlobalSection(SolutionConfigurationPlatforms) = preSolution
		Debug|Any CPU = Debug|Any CPU
		Release|Any CPU = Release|Any CPU
	EndGlobalSection
	GlobalSection(ProjectConfigurationPlatforms) = postSolution
		{9E92AD35-82B7-4F7A-8A14-5179FEFF7C5D}.Debug|Any CPU.ActiveCfg = Debug|Any CPU
		{9E92AD35-82B7-4F7A-8A14-5179FEFF7C5D}.Debug|Any CPU.Build.0 = Debug|Any CPU
		{9E92AD35-82B7-4F7A-8A14-5179FEFF7C5D}.Release|Any CPU.ActiveCfg = Release|Any CPU
		{9E92AD35-82B7-4F7A-8A14-5179FEFF7C5D}.Release|Any CPU.Build.0 = Release|Any CPU
		{CDD0C071-3ADC-453E-8848-71B120239750}.Debug|Any CPU.ActiveCfg = Debug|Any CPU
		{CDD0C071-3ADC-453E-8848-71B120239750}.Debug|Any CPU.Build.0 = Debug|Any CPU
		{CDD0C071-3ADC-453E-8848-71B120239750}.Release|Any CPU.ActiveCfg = Release|Any CPU
		{CDD0C071-3ADC-453E-8848-71B120239750}.Release|Any CPU.Build.0 = Release|Any CPU
		{3B5A0DF0-7F19-4B6B-B8A8-BAD4C07021FD}.Debug|Any CPU.ActiveCfg = Debug|Any CPU
		{3B5A0DF0-7F19-4B6B-B8A8-BAD4C07021FD}.Debug|Any CPU.Build.0 = Debug|Any CPU
		{3B5A0DF0-7F19-4B6B-B8A8-BAD4C07021FD}.Release|Any CPU.ActiveCfg = Release|Any CPU
		{3B5A0DF0-7F19-4B6B-B8A8-BAD4C07021FD}.Release|Any CPU.Build.0 = Release|Any CPU
	EndGlobalSection
	GlobalSection(SolutionProperties) = preSolution
		HideSolutionNode = FALSE
	EndGlobalSection
EndGlobal
